// !$*UTF8*$!
{
	"archiveVersion" = 1;
	"classes" = {
	};
	"objectVersion" = 56;
	"objects" = {
		"016B3CDF05C60B59B2C19E1B" = {
			"isa" = "PBXFileReference";
			"lastKnownFileType" = "sourcecode.swift";
			"path" = "Muzio/AppleNotificationLikeStore.swift";
			"sourceTree" = "<group>";
		};
		"6D43029E91054B5A5D7F991B" = {
			"isa" = "PBXFileReference";
			"lastKnownFileType" = "sourcecode.swift";
			"path" = "Muzio/ApplePlaybackHistory.swift";
			"sourceTree" = "<group>";
		};
		"DEED8B529B498102B18B5A2F" = {
			"isa" = "PBXFileReference";
			"lastKnownFileType" = "sourcecode.swift";
			"path" = "Muzio/LocalArtworkHandler.swift";
			"sourceTree" = "<group>";
		};
		"34DDA8EC077BD1AD841020A4" = {
			"isa" = "PBXFileReference";
			"lastKnownFileType" = "sourcecode.swift";
			"path" = "Muzio/LocalMusicLibrary.swift";
			"sourceTree" = "<group>";
		};
		"D176E740841215E0523F4F58" = {
			"isa" = "PBXFileReference";
			"lastKnownFileType" = "sourcecode.swift";
			"path" = "Muzio/MuzioApp.swift";
			"sourceTree" = "<group>";
		};
		"F229491693818D20A6F95A25" = {
			"isa" = "PBXFileReference";
			"lastKnownFileType" = "sourcecode.swift";
			"path" = "Muzio/NativeAudioPlayer.swift";
			"sourceTree" = "<group>";
		};
		"6224A9575CB8C958DC9B5416" = {
			"isa" = "PBXFileReference";
			"lastKnownFileType" = "sourcecode.swift";
			"path" = "Muzio/NativeVideoPlaybackState.swift";
			"sourceTree" = "<group>";
		};
		"9468943F2C7405A2EE9CCC37" = {
			"isa" = "PBXFileReference";
			"lastKnownFileType" = "sourcecode.swift";
			"path" = "Muzio/NativeVideoPlayer.swift";
			"sourceTree" = "<group>";
		};
		"02B6907EABBBC59D3DE643E4" = {
			"isa" = "PBXFileReference";
			"lastKnownFileType" = "sourcecode.swift";
			"path" = "Muzio/NativeVideoSourcePolicy.swift";
			"sourceTree" = "<group>";
		};
		"678A9B67B58BFA18FEA1B4BA" = {
			"isa" = "PBXFileReference";
			"lastKnownFileType" = "sourcecode.swift";
			"path" = "Muzio/ServerPolicy.swift";
			"sourceTree" = "<group>";
		};
		"936EBC23F386546554D0BA57" = {
			"isa" = "PBXFileReference";
			"lastKnownFileType" = "sourcecode.swift";
			"path" = "Muzio/VideoIndexProxy.swift";
			"sourceTree" = "<group>";
		};
		"DB0FB694E41D3DF24FECA347" = {
			"isa" = "PBXFileReference";
			"lastKnownFileType" = "sourcecode.swift";
			"path" = "Muzio/WebHost.swift";
			"sourceTree" = "<group>";
		};
		"FBDC4F23F93125BBEEAE800C" = {
			"isa" = "PBXGroup";
			"children" = ("275BF9B3A50B44479EC76F60", "D75D417EF6D35B8F3139CFB4");
			"name" = "Products";
			"sourceTree" = "<group>";
		};
		"B28B7AF69320201D1CF206EB" = {
			"isa" = "PBXGroup";
			"children" = ("016B3CDF05C60B59B2C19E1B", "6D43029E91054B5A5D7F991B", "DEED8B529B498102B18B5A2F", "34DDA8EC077BD1AD841020A4", "D176E740841215E0523F4F58", "F229491693818D20A6F95A25", "6224A9575CB8C958DC9B5416", "9468943F2C7405A2EE9CCC37", "02B6907EABBBC59D3DE643E4", "678A9B67B58BFA18FEA1B4BA", "936EBC23F386546554D0BA57", "DB0FB694E41D3DF24FECA347", "FBDC4F23F93125BBEEAE800C", "3685E330EC5277A9DD5661C6", "F8995BA5891B07E328C60D6B");
			"sourceTree" = "<group>";
		};
		"0C8FDB89EAF9DAE699685DE3" = {
			"isa" = "PBXBuildFile";
			"fileRef" = "016B3CDF05C60B59B2C19E1B";
		};
		"24BF1017CCFF3A535ABA5230" = {
			"isa" = "PBXBuildFile";
			"fileRef" = "6D43029E91054B5A5D7F991B";
		};
		"A0B536A2AE3F5AD591BDEFDD" = {
			"isa" = "PBXBuildFile";
			"fileRef" = "DEED8B529B498102B18B5A2F";
		};
		"D2D759A7BA66EF3FFDEBA9B2" = {
			"isa" = "PBXBuildFile";
			"fileRef" = "34DDA8EC077BD1AD841020A4";
		};
		"3F4BD41D3B97E7E911C1031F" = {
			"isa" = "PBXBuildFile";
			"fileRef" = "D176E740841215E0523F4F58";
		};
		"5432F61B012C994D535226E0" = {
			"isa" = "PBXBuildFile";
			"fileRef" = "F229491693818D20A6F95A25";
		};
		"6A582892ED4D47AE59CFA82C" = {
			"isa" = "PBXBuildFile";
			"fileRef" = "6224A9575CB8C958DC9B5416";
		};
		"BA63BFC9EC82BAAFF60DAEE7" = {
			"isa" = "PBXBuildFile";
			"fileRef" = "9468943F2C7405A2EE9CCC37";
		};
		"AD3B1C8F0AF423DE72BC6194" = {
			"isa" = "PBXBuildFile";
			"fileRef" = "02B6907EABBBC59D3DE643E4";
		};
		"E3EF91C96B576F9B1E27E660" = {
			"isa" = "PBXBuildFile";
			"fileRef" = "678A9B67B58BFA18FEA1B4BA";
		};
		"3FF3E545F8E678B0FC3A6445" = {
			"isa" = "PBXBuildFile";
			"fileRef" = "936EBC23F386546554D0BA57";
		};
		"46BE4B70CD012AAB4E5CB5FF" = {
			"isa" = "PBXBuildFile";
			"fileRef" = "DB0FB694E41D3DF24FECA347";
		};
		"FF0E585B3DBBB543420ABDB4" = {
			"isa" = "PBXSourcesBuildPhase";
			"buildActionMask" = 2147483647;
			"files" = ("0C8FDB89EAF9DAE699685DE3", "24BF1017CCFF3A535ABA5230", "A0B536A2AE3F5AD591BDEFDD", "D2D759A7BA66EF3FFDEBA9B2", "3F4BD41D3B97E7E911C1031F", "5432F61B012C994D535226E0", "6A582892ED4D47AE59CFA82C", "BA63BFC9EC82BAAFF60DAEE7", "AD3B1C8F0AF423DE72BC6194", "E3EF91C96B576F9B1E27E660", "3FF3E545F8E678B0FC3A6445", "46BE4B70CD012AAB4E5CB5FF");
			"runOnlyForDeploymentPostprocessing" = 0;
		};
		"275BF9B3A50B44479EC76F60" = {
			"isa" = "PBXFileReference";
			"explicitFileType" = "wrapper.application";
			"includeInIndex" = 0;
			"path" = "Muzio.app";
			"sourceTree" = "BUILT_PRODUCTS_DIR";
		};
		"3685E330EC5277A9DD5661C6" = {
			"isa" = "PBXFileReference";
			"lastKnownFileType" = "folder.assetcatalog";
			"path" = "Assets.xcassets";
			"sourceTree" = "<group>";
		};
		"04200CFFD12D083534B07BB1" = {
			"isa" = "PBXBuildFile";
			"fileRef" = "3685E330EC5277A9DD5661C6";
		};
		"BDADC39D7A7CE2D7EE08D240" = {
			"isa" = "PBXResourcesBuildPhase";
			"buildActionMask" = 2147483647;
			"files" = ("04200CFFD12D083534B07BB1");
			"runOnlyForDeploymentPostprocessing" = 0;
		};
		"D5431FECA6B56E0768DD5696" = {
			"isa" = "XCBuildConfiguration";
			"buildSettings" = {
				"PRODUCT_NAME" = "Muzio";
				"PRODUCT_BUNDLE_IDENTIFIER" = "com.twkim.muzio.apple";
				"INFOPLIST_FILE" = "Info.plist";
				"GENERATE_INFOPLIST_FILE" = "NO";
				"SDKROOT" = "iphoneos";
				"SWIFT_VERSION" = "5.0";
				"CODE_SIGN_STYLE" = "Automatic";
				"MARKETING_VERSION" = "1.4.6";
				"CURRENT_PROJECT_VERSION" = "1";
				"LD_RUNPATH_SEARCH_PATHS" = "$(inherited) @executable_path/Frameworks @executable_path/../Frameworks";
				"IPHONEOS_DEPLOYMENT_TARGET" = "16.0";
				"TARGETED_DEVICE_FAMILY" = "1,2";
				"SUPPORTED_PLATFORMS" = "iphoneos iphonesimulator";
				"SUPPORTS_MACCATALYST" = "NO";
				"ASSETCATALOG_COMPILER_APPICON_NAME" = "AppIcon";
				"SWIFT_OPTIMIZATION_LEVEL" = "-Onone";
			};
			"name" = "Debug";
		};
		"5E07CD4E4832A93B502A287A" = {
			"isa" = "XCBuildConfiguration";
			"buildSettings" = {
				"PRODUCT_NAME" = "Muzio";
				"PRODUCT_BUNDLE_IDENTIFIER" = "com.twkim.muzio.apple";
				"INFOPLIST_FILE" = "Info.plist";
				"GENERATE_INFOPLIST_FILE" = "NO";
				"SDKROOT" = "iphoneos";
				"SWIFT_VERSION" = "5.0";
				"CODE_SIGN_STYLE" = "Automatic";
				"MARKETING_VERSION" = "1.4.6";
				"CURRENT_PROJECT_VERSION" = "1";
				"LD_RUNPATH_SEARCH_PATHS" = "$(inherited) @executable_path/Frameworks @executable_path/../Frameworks";
				"IPHONEOS_DEPLOYMENT_TARGET" = "16.0";
				"TARGETED_DEVICE_FAMILY" = "1,2";
				"SUPPORTED_PLATFORMS" = "iphoneos iphonesimulator";
				"SUPPORTS_MACCATALYST" = "NO";
				"ASSETCATALOG_COMPILER_APPICON_NAME" = "AppIcon";
				"SWIFT_OPTIMIZATION_LEVEL" = "-O";
			};
			"name" = "Release";
		};
		"72ADF03DCF504BFC7606B648" = {
			"isa" = "XCConfigurationList";
			"buildConfigurations" = ("D5431FECA6B56E0768DD5696", "5E07CD4E4832A93B502A287A");
			"defaultConfigurationIsVisible" = 0;
			"defaultConfigurationName" = "Release";
		};
		"886BE97B0E56FC1D22704169" = {
			"isa" = "PBXNativeTarget";
			"buildConfigurationList" = "72ADF03DCF504BFC7606B648";
			"buildPhases" = ("FF0E585B3DBBB543420ABDB4", "BDADC39D7A7CE2D7EE08D240");
			"buildRules" = ();
			"dependencies" = ();
			"name" = "Muzio-iOS";
			"productName" = "Muzio";
			"productReference" = "275BF9B3A50B44479EC76F60";
			"productType" = "com.apple.product-type.application";
		};
		"7010481EFBD7DA2C045A9E07" = {
			"isa" = "PBXBuildFile";
			"fileRef" = "016B3CDF05C60B59B2C19E1B";
		};
		"5C6741889B7B8E289767F43A" = {
			"isa" = "PBXBuildFile";
			"fileRef" = "6D43029E91054B5A5D7F991B";
		};
		"C3ADB683D4FD93952904588A" = {
			"isa" = "PBXBuildFile";
			"fileRef" = "DEED8B529B498102B18B5A2F";
		};
		"C7C5F3CA7CCF1148E6AB8803" = {
			"isa" = "PBXBuildFile";
			"fileRef" = "34DDA8EC077BD1AD841020A4";
		};
		"2DA448F81FCEE8A01D2FE0E2" = {
			"isa" = "PBXBuildFile";
			"fileRef" = "D176E740841215E0523F4F58";
		};
		"A3D4466B3EDCAD41631F4222" = {
			"isa" = "PBXBuildFile";
			"fileRef" = "F229491693818D20A6F95A25";
		};
		"A77AE210C93927CAB8DD63AF" = {
			"isa" = "PBXBuildFile";
			"fileRef" = "6224A9575CB8C958DC9B5416";
		};
		"D30992A2CAFAB021D1C96092" = {
			"isa" = "PBXBuildFile";
			"fileRef" = "9468943F2C7405A2EE9CCC37";
		};
		"95B40BAA06EC9BD8589270F4" = {
			"isa" = "PBXBuildFile";
			"fileRef" = "02B6907EABBBC59D3DE643E4";
		};
		"3C94380EF17F1BED606B4DA5" = {
			"isa" = "PBXBuildFile";
			"fileRef" = "678A9B67B58BFA18FEA1B4BA";
		};
		"ACD6BD1596DCC09079C5101D" = {
			"isa" = "PBXBuildFile";
			"fileRef" = "936EBC23F386546554D0BA57";
		};
		"4330E98DC465A35A6B227E3D" = {
			"isa" = "PBXBuildFile";
			"fileRef" = "DB0FB694E41D3DF24FECA347";
		};
		"04965CE9328B2D4F378ECBC7" = {
			"isa" = "PBXSourcesBuildPhase";
			"buildActionMask" = 2147483647;
			"files" = ("7010481EFBD7DA2C045A9E07", "5C6741889B7B8E289767F43A", "C3ADB683D4FD93952904588A", "C7C5F3CA7CCF1148E6AB8803", "2DA448F81FCEE8A01D2FE0E2", "A3D4466B3EDCAD41631F4222", "A77AE210C93927CAB8DD63AF", "D30992A2CAFAB021D1C96092", "95B40BAA06EC9BD8589270F4", "3C94380EF17F1BED606B4DA5", "ACD6BD1596DCC09079C5101D", "4330E98DC465A35A6B227E3D");
			"runOnlyForDeploymentPostprocessing" = 0;
		};
		"D75D417EF6D35B8F3139CFB4" = {
			"isa" = "PBXFileReference";
			"explicitFileType" = "wrapper.application";
			"includeInIndex" = 0;
			"path" = "Muzio.app";
			"sourceTree" = "BUILT_PRODUCTS_DIR";
		};
		"F8995BA5891B07E328C60D6B" = {
			"isa" = "PBXFileReference";
			"lastKnownFileType" = "image.icns";
			"path" = "Muzio.icns";
			"sourceTree" = "<group>";
		};
		"74C2431FE30C4A47C8443B80" = {
			"isa" = "PBXBuildFile";
			"fileRef" = "F8995BA5891B07E328C60D6B";
		};
		"0189424A5A60FED329FA868E" = {
			"isa" = "PBXResourcesBuildPhase";
			"buildActionMask" = 2147483647;
			"files" = ("74C2431FE30C4A47C8443B80");
			"runOnlyForDeploymentPostprocessing" = 0;
		};
		"D9F0501C445CB777E71FE66E" = {
			"isa" = "XCBuildConfiguration";
			"buildSettings" = {
				"PRODUCT_NAME" = "Muzio";
				"PRODUCT_BUNDLE_IDENTIFIER" = "com.twkim.muzio.apple";
				"INFOPLIST_FILE" = "Mac-Info.plist";
				"GENERATE_INFOPLIST_FILE" = "NO";
				"SDKROOT" = "macosx";
				"SWIFT_VERSION" = "5.0";
				"CODE_SIGN_STYLE" = "Automatic";
				"MARKETING_VERSION" = "1.4.6";
				"CURRENT_PROJECT_VERSION" = "1";
				"LD_RUNPATH_SEARCH_PATHS" = "$(inherited) @executable_path/Frameworks @executable_path/../Frameworks";
				"MACOSX_DEPLOYMENT_TARGET" = "13.0";
				"SUPPORTED_PLATFORMS" = "macosx";
				"ENABLE_HARDENED_RUNTIME" = "YES";
				"SWIFT_OPTIMIZATION_LEVEL" = "-Onone";
			};
			"name" = "Debug";
		};
		"7CB32C66D6442831F84F2EED" = {
			"isa" = "XCBuildConfiguration";
			"buildSettings" = {
				"PRODUCT_NAME" = "Muzio";
				"PRODUCT_BUNDLE_IDENTIFIER" = "com.twkim.muzio.apple";
				"INFOPLIST_FILE" = "Mac-Info.plist";
				"GENERATE_INFOPLIST_FILE" = "NO";
				"SDKROOT" = "macosx";
				"SWIFT_VERSION" = "5.0";
				"CODE_SIGN_STYLE" = "Automatic";
				"MARKETING_VERSION" = "1.4.6";
				"CURRENT_PROJECT_VERSION" = "1";
				"LD_RUNPATH_SEARCH_PATHS" = "$(inherited) @executable_path/Frameworks @executable_path/../Frameworks";
				"MACOSX_DEPLOYMENT_TARGET" = "13.0";
				"SUPPORTED_PLATFORMS" = "macosx";
				"ENABLE_HARDENED_RUNTIME" = "YES";
				"SWIFT_OPTIMIZATION_LEVEL" = "-O";
			};
			"name" = "Release";
		};
		"8B661FD7730F6D824E06F512" = {
			"isa" = "XCConfigurationList";
			"buildConfigurations" = ("D9F0501C445CB777E71FE66E", "7CB32C66D6442831F84F2EED");
			"defaultConfigurationIsVisible" = 0;
			"defaultConfigurationName" = "Release";
		};
		"696E951C1BB8B9C8F9B2BC44" = {
			"isa" = "PBXNativeTarget";
			"buildConfigurationList" = "8B661FD7730F6D824E06F512";
			"buildPhases" = ("04965CE9328B2D4F378ECBC7", "0189424A5A60FED329FA868E");
			"buildRules" = ();
			"dependencies" = ();
			"name" = "Muzio-macOS";
			"productName" = "Muzio";
			"productReference" = "D75D417EF6D35B8F3139CFB4";
			"productType" = "com.apple.product-type.application";
		};
		"89E1FD6268CC0F221A2BE178" = {
			"isa" = "XCBuildConfiguration";
			"buildSettings" = {
				"CLANG_ENABLE_MODULES" = "YES";
				"SWIFT_OPTIMIZATION_LEVEL" = "-Onone";
			};
			"name" = "Debug";
		};
		"E6DE6C99132752C914FEF632" = {
			"isa" = "XCBuildConfiguration";
			"buildSettings" = {
				"CLANG_ENABLE_MODULES" = "YES";
				"SWIFT_OPTIMIZATION_LEVEL" = "-O";
			};
			"name" = "Release";
		};
		"BC7E287B75C6D3E574547D08" = {
			"isa" = "XCConfigurationList";
			"buildConfigurations" = ("89E1FD6268CC0F221A2BE178", "E6DE6C99132752C914FEF632");
			"defaultConfigurationIsVisible" = 0;
			"defaultConfigurationName" = "Release";
		};
		"98F54143AB4E86B28C3AFEE0" = {
			"isa" = "PBXProject";
			"attributes" = {
				"LastUpgradeCheck" = "1600";
			};
			"buildConfigurationList" = "BC7E287B75C6D3E574547D08";
			"compatibilityVersion" = "Xcode 14.0";
			"developmentRegion" = "en";
			"hasScannedForEncodings" = 0;
			"knownRegions" = ("en", "Base");
			"mainGroup" = "B28B7AF69320201D1CF206EB";
			"productRefGroup" = "FBDC4F23F93125BBEEAE800C";
			"projectDirPath" = "";
			"projectRoot" = "";
			"targets" = ("886BE97B0E56FC1D22704169", "696E951C1BB8B9C8F9B2BC44");
		};
	};
	"rootObject" = "98F54143AB4E86B28C3AFEE0";
}
